
Microsoft Visual Studio Solution File, Format Version 12.00
# Visual Studio Version 16
VisualStudioVersion = 16.0.30011.22
MinimumVisualStudioVersion = 10.0.40219.1
Project("{9A19103F-16F7-4668-BE54-9A1E7A4F7556}") = "Datalayer", "Datalayer\Datalayer.csproj", "{DDF75BC8-8856-4A66-8B28-C6A1198745F4}"
EndProject
Project("{FAE04EC0-301F-11D3-BF4B-00C04F79EFBC}") = "ConsoleApp", "ConsoleApp\ConsoleApp.csproj", "{A7FB4A8B-9C8D-450E-876B-0CD740A9F413}"
EndProject
Global
	GlobalSection(SolutionConfigurationPlatforms) = preSolution
		Debug|Any CPU = Debug|Any CPU
		Release|Any CPU = Release|Any CPU
	EndGlobalSection
	GlobalSection(ProjectConfigurationPlatforms) = postSolution
		{DDF75BC8-8856-4A66-8B28-C6A1198745F4}.Debug|Any CPU.ActiveCfg = Debug|Any CPU
		{DDF75BC8-8856-4A66-8B28-C6A1198745F4}.Debug|Any CPU.Build.0 = Debug|Any CPU
		{DDF75BC8-8856-4A66-8B28-C6A1198745F4}.Release|Any CPU.ActiveCfg = Release|Any CPU
		{DDF75BC8-8856-4A66-8B28-C6A1198745F4}.Release|Any CPU.Build.0 = Release|Any CPU
		{A7FB4A8B-9C8D-450E-876B-0CD740A9F413}.Debug|Any CPU.ActiveCfg = Debug|Any CPU
		{A7FB4A8B-9C8D-450E-876B-0CD740A9F413}.Debug|Any CPU.Build.0 = Debug|Any CPU
		{A7FB4A8B-9C8D-450E-876B-0CD740A9F413}.Release|Any CPU.ActiveCfg = Release|Any CPU
		{A7FB4A8B-9C8D-450E-876B-0CD740A9F413}.Release|Any CPU.Build.0 = Release|Any CPU
	EndGlobalSection
	GlobalSection(SolutionProperties) = preSolution
		HideSolutionNode = FALSE
	EndGlobalSection
	GlobalSection(ExtensibilityGlobals) = postSolution
		SolutionGuid = {BAC002EF-FB90-484C-A407-99703C17202D}
	EndGlobalSection
EndGlobal
